github.com/ChristopherDavenport/agentskill v0.0.11 h1:bUwoE2in3wo7j5x6czne3coO0hsucjkRnSPE+gHVp/Y=
github.com/ChristopherDavenport/agentskill v0.0.11/go.mod h1:O8GghyLsZFay2fbCsd97G/y8Dx5tcepa2LtK5IJDFlY=
github.com/ChristopherDavenport/agenttool v0.0.17 h1:DOa8njbORRZsfoEiSXuCmmtl5VsVTJeYntU1WmPKYAg=
github.com/ChristopherDavenport/agenttool v0.0.17/go.mod h1:G9b+XRWx2+fQJGhGLXzcoRLNb5EVLTRJY71++GzTia0=
github.com/ChristopherDavenport/agentturn v0.0.16 h1:ax+8vmRz+yBhBG/Ub5EZrmvWg8fAUBfqK7caA37tZPM=
github.com/ChristopherDavenport/agentturn v0.0.16/go.mod h1:3xZbVc0CSna6vNgpzasi8sFT8oikfB5868CFav/gxFs=
github.com/ChristopherDavenport/openresponses v0.0.14 h1:ZoKjMNZRJgyNkZqJQu86y+E15gGKiJfn1mIwCy7HnMk=
github.com/ChristopherDavenport/openresponses v0.0.14/go.mod h1:oZT6GCySXw3+vL5LzrJrRI5qagBumqvwDZdp6Kr++a8=
go.yaml.in/yaml/v3 v3.0.5 h1:N6y/pJk8buWs9NY5ERU2HSMfm+IuD/OtfdAnq6kESPw=
go.yaml.in/yaml/v3 v3.0.5/go.mod h1:HVTZu1O7/Vkt2N+BFy8Zza+lnLsABggaTM2ZpNIGuKg=
